Microsoft Visual Studio Solution File, Format Version 12.00
# Visual Studio Version 17
VisualStudioVersion = 17.5.2.0
MinimumVisualStudioVersion = 10.0.40219.1
Project("{FAE04EC0-301F-11D3-BF4B-00C04F79EFBC}") = "challengeABD", "challengeABD.csproj", "{43379563-6D85-A112-E4C3-ECD3F813C7DF}"
EndProject
Global
	GlobalSection(SolutionConfigurationPlatforms) = preSolution
		Debug|Any CPU = Debug|Any CPU
		Release|Any CPU = Release|Any CPU
	EndGlobalSection
	GlobalSection(ProjectConfigurationPlatforms) = postSolution
		{43379563-6D85-A112-E4C3-ECD3F813C7DF}.Debug|Any CPU.ActiveCfg = Debug|Any CPU
		{43379563-6D85-A112-E4C3-ECD3F813C7DF}.Debug|Any CPU.Build.0 = Debug|Any CPU
		{43379563-6D85-A112-E4C3-ECD3F813C7DF}.Release|Any CPU.ActiveCfg = Release|Any CPU
		{43379563-6D85-A112-E4C3-ECD3F813C7DF}.Release|Any CPU.Build.0 = Release|Any CPU
	EndGlobalSection
	GlobalSection(SolutionProperties) = preSolution
		HideSolutionNode = FALSE
	EndGlobalSection
	GlobalSection(ExtensibilityGlobals) = postSolution
		SolutionGuid = {C784B59C-0499-4D39-B9EE-90552D815289}
	EndGlobalSection
EndGlobal
